
Microsoft Visual Studio Solution File, Format Version 12.00
# Visual Studio 15
VisualStudioVersion = 15.0.27004.2008
MinimumVisualStudioVersion = 10.0.40219.1
Project("{FAE04EC0-301F-11D3-BF4B-00C04F79EFBC}") = "DLaB.Xrm.Entities", "DLaB.Xrm.Entities\DLaB.Xrm.Entities.csproj", "{66688025-2F6D-40EC-914E-87AF88AFC5DE}"
EndProject
Project("{2150E333-8FDC-42A3-9474-1A3956D46DE8}") = "GitHub", "GitHub", "{775B4069-F435-4B94-A185-EAFD10B33495}"
	ProjectSection(SolutionItems) = preProject
		DLaB_Dynamics_64x64.png = DLaB_Dynamics_64x64.png
		README.md = README.md
		XrmTestingFrameworkComparison.png = XrmTestingFrameworkComparison.png
	EndProjectSection
EndProject
Project("{2150E333-8FDC-42A3-9474-1A3956D46DE8}") = "NuGet", "NuGet", "{C80A3A8A-7A62-45E1-924D-FE87D915CEA9}"
	ProjectSection(SolutionItems) = preProject
		09\XrmUnitTest.09\Properties\AssemblyInfo.cs = 09\XrmUnitTest.09\Properties\AssemblyInfo.cs
		2016\XrmUnitTest.2016\Properties\AssemblyInfo.cs = 2016\XrmUnitTest.2016\Properties\AssemblyInfo.cs
		2015\XrmUnitTest.2015\Properties\AssemblyInfo.cs = 2015\XrmUnitTest.2015\Properties\AssemblyInfo.cs
		2013\XrmUnitTest.2013\Properties\AssemblyInfo.cs = 2013\XrmUnitTest.2013\Properties\AssemblyInfo.cs
		DLaB.Xrm.Entities\DLaB.Xrm.Entities.nuspec = DLaB.Xrm.Entities\DLaB.Xrm.Entities.nuspec
		09\XrmUnitTest.09\XrmUnitTest.09.nuspec = 09\XrmUnitTest.09\XrmUnitTest.09.nuspec
		2013\XrmUnitTest.2013\XrmUnitTest.2013.nuspec = 2013\XrmUnitTest.2013\XrmUnitTest.2013.nuspec
		2015\XrmUnitTest.2015\XrmUnitTest.2015.nuspec = 2015\XrmUnitTest.2015\XrmUnitTest.2015.nuspec
		2016\XrmUnitTest.2016\XrmUnitTest.2016.nuspec = 2016\XrmUnitTest.2016\XrmUnitTest.2016.nuspec
	EndProjectSection
EndProject
Project("{D954291E-2A0B-460D-934E-DC6B0785DB48}") = "DLaB.Xrm.Client", "DLaB.Xrm.Client.Base\DLaB.Xrm.Client.shproj", "{E8AD0E5D-2969-463A-96A7-8D8A3240FD7F}"
EndProject
Project("{2150E333-8FDC-42A3-9474-1A3956D46DE8}") = "2015", "2015", "{56965403-1D14-4364-8B4A-ADE3CE4CAE44}"
EndProject
Project("{D954291E-2A0B-460D-934E-DC6B0785DB48}") = "DLaB.Xrm.LocalCrm", "DLaB.Xrm.LocalCrm.Base\DLaB.Xrm.LocalCrm.shproj", "{D2CCBFCF-54C0-405C-A829-100A3DEB4229}"
EndProject
Project("{D954291E-2A0B-460D-934E-DC6B0785DB48}") = "DLaB.Xrm.Test", "DLaB.Xrm.Test.Base\DLaB.Xrm.Test.shproj", "{F150EA46-4955-4E32-9917-10F89B291602}"
EndProject
Project("{D954291E-2A0B-460D-934E-DC6B0785DB48}") = "NMemory", "NMemory.Base\NMemory.shproj", "{59B000B7-D796-4065-AABA-8D6C91542BB9}"
EndProject
Project("{2150E333-8FDC-42A3-9474-1A3956D46DE8}") = "2016", "2016", "{AF470AF1-A3ED-41B9-A35F-1D65AFBED5F5}"
EndProject
Project("{D954291E-2A0B-460D-934E-DC6B0785DB48}") = "DLaB.Xrm.LocalCrm.Tests", "DLaB.Xrm.LocalCrm.Tests.Base\DLaB.Xrm.LocalCrm.Tests.shproj", "{1A5EF03B-B261-4971-8F91-448B43F3E642}"
EndProject
Project("{D954291E-2A0B-460D-934E-DC6B0785DB48}") = "XrmUnitTest.Test", "XrmUnitTest.Test.Base\XrmUnitTest.Test.shproj", "{0773E17C-DDBC-4DD9-812B-85C1299A6ACA}"
EndProject
Project("{D954291E-2A0B-460D-934E-DC6B0785DB48}") = "DLaB.Xrm.Test.Tests", "DLaB.Xrm.Test.Tests.Base\DLaB.Xrm.Test.Tests.shproj", "{EF351E75-A598-4D76-9C03-8B3EB2AA253C}"
EndProject
Project("{2150E333-8FDC-42A3-9474-1A3956D46DE8}") = "Code Snippets", "Code Snippets", "{D2B7919C-8DC8-468B-90E5-10A26D771028}"
	ProjectSection(SolutionItems) = preProject
		Code Snippets\crmplugin.snippet = Code Snippets\crmplugin.snippet
		Code Snippets\crmplugintest.snippet = Code Snippets\crmplugintest.snippet
		Code Snippets\crmtestmethodclass.snippet = Code Snippets\crmtestmethodclass.snippet
		LINQPadGuidGenerator.txt = LINQPadGuidGenerator.txt
		Code Snippets\region.snippet = Code Snippets\region.snippet
	EndProjectSection
EndProject
Project("{2150E333-8FDC-42A3-9474-1A3956D46DE8}") = "09", "09", "{B4F0DB7E-8440-484A-AD3A-2C755A6AB749}"
EndProject
Project("{FAE04EC0-301F-11D3-BF4B-00C04F79EFBC}") = "XrmUnitTest.09", "09\XrmUnitTest.09\XrmUnitTest.09.csproj", "{BFEBBBB1-94EE-437F-977D-22E2E9510951}"
EndProject
Project("{FAE04EC0-301F-11D3-BF4B-00C04F79EFBC}") = "XrmUnitTest.09.Tests", "09\XRmUnitTest.09.Tests\XrmUnitTest.09.Tests.csproj", "{913C6B2B-AFFE-4819-9B22-B1E840E86738}"
EndProject
Project("{FAE04EC0-301F-11D3-BF4B-00C04F79EFBC}") = "XrmUnitTest.2015", "2015\XrmUnitTest.2015\XrmUnitTest.2015.csproj", "{33C4E42F-B410-4570-BBC9-DA4C695B1F4D}"
EndProject
Project("{FAE04EC0-301F-11D3-BF4B-00C04F79EFBC}") = "XrmUnitTest.2016", "2016\XrmUnitTest.2016\XrmUnitTest.2016.csproj", "{E8C237CB-FFB2-4163-A985-01ECC0B8F399}"
EndProject
Project("{2150E333-8FDC-42A3-9474-1A3956D46DE8}") = "2013", "2013", "{71DACF89-9D0F-4D45-9202-7AAC5FA83EBE}"
EndProject
Project("{FAE04EC0-301F-11D3-BF4B-00C04F79EFBC}") = "XrmUnitTest.2013", "2013\XrmUnitTest.2013\XrmUnitTest.2013.csproj", "{E022F65B-2E2B-4907-BED5-8ED04FEF5769}"
EndProject
Global
	GlobalSection(SharedMSBuildProjectFiles) = preSolution
		XrmUnitTest.Test.Base\XrmUnitTest.Test.Base.projitems*{0773e17c-ddbc-4dd9-812b-85c1299a6aca}*SharedItemsImports = 13
		DLaB.Xrm.LocalCrm.Tests.Base\DLaB.Xrm.LocalCrm.Tests.Base.projitems*{1a5ef03b-b261-4971-8f91-448b43f3e642}*SharedItemsImports = 13
		DLaB.Xrm.Client.Base\DLaB.Xrm.Client.Base.projitems*{33c4e42f-b410-4570-bbc9-da4c695b1f4d}*SharedItemsImports = 4
		DLaB.Xrm.LocalCrm.Base\DLaB.Xrm.LocalCrm.Base.projitems*{33c4e42f-b410-4570-bbc9-da4c695b1f4d}*SharedItemsImports = 4
		DLaB.Xrm.Test.Base\DLaB.Xrm.Test.Base.projitems*{33c4e42f-b410-4570-bbc9-da4c695b1f4d}*SharedItemsImports = 4
		NMemory.Base\NMemory.Base.projitems*{33c4e42f-b410-4570-bbc9-da4c695b1f4d}*SharedItemsImports = 4
		NMemory.Base\NMemory.Base.projitems*{59b000b7-d796-4065-aaba-8d6c91542bb9}*SharedItemsImports = 13
		DLaB.Xrm.LocalCrm.Tests.Base\DLaB.Xrm.LocalCrm.Tests.Base.projitems*{913c6b2b-affe-4819-9b22-b1e840e86738}*SharedItemsImports = 4
		DLaB.Xrm.Test.Tests.Base\DLaB.Xrm.Test.Tests.Base.projitems*{913c6b2b-affe-4819-9b22-b1e840e86738}*SharedItemsImports = 4
		XrmUnitTest.Test.Base\XrmUnitTest.Test.Base.projitems*{913c6b2b-affe-4819-9b22-b1e840e86738}*SharedItemsImports = 4
		DLaB.Xrm.Client.Base\DLaB.Xrm.Client.Base.projitems*{bfebbbb1-94ee-437f-977d-22e2e9510951}*SharedItemsImports = 4
		DLaB.Xrm.LocalCrm.Base\DLaB.Xrm.LocalCrm.Base.projitems*{bfebbbb1-94ee-437f-977d-22e2e9510951}*SharedItemsImports = 4
		DLaB.Xrm.Test.Base\DLaB.Xrm.Test.Base.projitems*{bfebbbb1-94ee-437f-977d-22e2e9510951}*SharedItemsImports = 4
		NMemory.Base\NMemory.Base.projitems*{bfebbbb1-94ee-437f-977d-22e2e9510951}*SharedItemsImports = 4
		DLaB.Xrm.LocalCrm.Base\DLaB.Xrm.LocalCrm.Base.projitems*{d2ccbfcf-54c0-405c-a829-100a3deb4229}*SharedItemsImports = 13
		DLaB.Xrm.Client.Base\DLaB.Xrm.Client.Base.projitems*{e022f65b-2e2b-4907-bed5-8ed04fef5769}*SharedItemsImports = 4
		DLaB.Xrm.LocalCrm.Base\DLaB.Xrm.LocalCrm.Base.projitems*{e022f65b-2e2b-4907-bed5-8ed04fef5769}*SharedItemsImports = 4
		DLaB.Xrm.Test.Base\DLaB.Xrm.Test.Base.projitems*{e022f65b-2e2b-4907-bed5-8ed04fef5769}*SharedItemsImports = 4
		NMemory.Base\NMemory.Base.projitems*{e022f65b-2e2b-4907-bed5-8ed04fef5769}*SharedItemsImports = 4
		DLaB.Xrm.Client.Base\DLaB.Xrm.Client.Base.projitems*{e8ad0e5d-2969-463a-96a7-8d8a3240fd7f}*SharedItemsImports = 13
		DLaB.Xrm.Client.Base\DLaB.Xrm.Client.Base.projitems*{e8c237cb-ffb2-4163-a985-01ecc0b8f399}*SharedItemsImports = 4
		DLaB.Xrm.LocalCrm.Base\DLaB.Xrm.LocalCrm.Base.projitems*{e8c237cb-ffb2-4163-a985-01ecc0b8f399}*SharedItemsImports = 4
		DLaB.Xrm.Test.Base\DLaB.Xrm.Test.Base.projitems*{e8c237cb-ffb2-4163-a985-01ecc0b8f399}*SharedItemsImports = 4
		NMemory.Base\NMemory.Base.projitems*{e8c237cb-ffb2-4163-a985-01ecc0b8f399}*SharedItemsImports = 4
		DLaB.Xrm.Test.Tests.Base\DLaB.Xrm.Test.Tests.Base.projitems*{ef351e75-a598-4d76-9c03-8b3eb2aa253c}*SharedItemsImports = 13
		DLaB.Xrm.Test.Base\DLaB.Xrm.Test.Base.projitems*{f150ea46-4955-4e32-9917-10f89b291602}*SharedItemsImports = 13
	EndGlobalSection
	GlobalSection(SolutionConfigurationPlatforms) = preSolution
		Debug|Any CPU = Debug|Any CPU
		LocalNuget|Any CPU = LocalNuget|Any CPU
		Release|Any CPU = Release|Any CPU
	EndGlobalSection
	GlobalSection(ProjectConfigurationPlatforms) = postSolution
		{66688025-2F6D-40EC-914E-87AF88AFC5DE}.Debug|Any CPU.ActiveCfg = Debug|Any CPU
		{66688025-2F6D-40EC-914E-87AF88AFC5DE}.Debug|Any CPU.Build.0 = Debug|Any CPU
		{66688025-2F6D-40EC-914E-87AF88AFC5DE}.LocalNuget|Any CPU.ActiveCfg = LocalNuget|Any CPU
		{66688025-2F6D-40EC-914E-87AF88AFC5DE}.LocalNuget|Any CPU.Build.0 = LocalNuget|Any CPU
		{66688025-2F6D-40EC-914E-87AF88AFC5DE}.Release|Any CPU.ActiveCfg = Release|Any CPU
		{66688025-2F6D-40EC-914E-87AF88AFC5DE}.Release|Any CPU.Build.0 = Release|Any CPU
		{BFEBBBB1-94EE-437F-977D-22E2E9510951}.Debug|Any CPU.ActiveCfg = Debug|Any CPU
		{BFEBBBB1-94EE-437F-977D-22E2E9510951}.Debug|Any CPU.Build.0 = Debug|Any CPU
		{BFEBBBB1-94EE-437F-977D-22E2E9510951}.LocalNuget|Any CPU.ActiveCfg = Release|Any CPU
		{BFEBBBB1-94EE-437F-977D-22E2E9510951}.LocalNuget|Any CPU.Build.0 = Release|Any CPU
		{BFEBBBB1-94EE-437F-977D-22E2E9510951}.Release|Any CPU.ActiveCfg = Release|Any CPU
		{BFEBBBB1-94EE-437F-977D-22E2E9510951}.Release|Any CPU.Build.0 = Release|Any CPU
		{913C6B2B-AFFE-4819-9B22-B1E840E86738}.Debug|Any CPU.ActiveCfg = Debug|Any CPU
		{913C6B2B-AFFE-4819-9B22-B1E840E86738}.Debug|Any CPU.Build.0 = Debug|Any CPU
		{913C6B2B-AFFE-4819-9B22-B1E840E86738}.LocalNuget|Any CPU.ActiveCfg = Release|Any CPU
		{913C6B2B-AFFE-4819-9B22-B1E840E86738}.LocalNuget|Any CPU.Build.0 = Release|Any CPU
		{913C6B2B-AFFE-4819-9B22-B1E840E86738}.Release|Any CPU.ActiveCfg = Release|Any CPU
		{913C6B2B-AFFE-4819-9B22-B1E840E86738}.Release|Any CPU.Build.0 = Release|Any CPU
		{33C4E42F-B410-4570-BBC9-DA4C695B1F4D}.Debug|Any CPU.ActiveCfg = Debug|Any CPU
		{33C4E42F-B410-4570-BBC9-DA4C695B1F4D}.Debug|Any CPU.Build.0 = Debug|Any CPU
		{33C4E42F-B410-4570-BBC9-DA4C695B1F4D}.LocalNuget|Any CPU.ActiveCfg = Release|Any CPU
		{33C4E42F-B410-4570-BBC9-DA4C695B1F4D}.LocalNuget|Any CPU.Build.0 = Release|Any CPU
		{33C4E42F-B410-4570-BBC9-DA4C695B1F4D}.Release|Any CPU.ActiveCfg = Release|Any CPU
		{33C4E42F-B410-4570-BBC9-DA4C695B1F4D}.Release|Any CPU.Build.0 = Release|Any CPU
		{E8C237CB-FFB2-4163-A985-01ECC0B8F399}.Debug|Any CPU.ActiveCfg = Debug|Any CPU
		{E8C237CB-FFB2-4163-A985-01ECC0B8F399}.Debug|Any CPU.Build.0 = Debug|Any CPU
		{E8C237CB-FFB2-4163-A985-01ECC0B8F399}.LocalNuget|Any CPU.ActiveCfg = Release|Any CPU
		{E8C237CB-FFB2-4163-A985-01ECC0B8F399}.LocalNuget|Any CPU.Build.0 = Release|Any CPU
		{E8C237CB-FFB2-4163-A985-01ECC0B8F399}.Release|Any CPU.ActiveCfg = Release|Any CPU
		{E8C237CB-FFB2-4163-A985-01ECC0B8F399}.Release|Any CPU.Build.0 = Release|Any CPU
		{E022F65B-2E2B-4907-BED5-8ED04FEF5769}.Debug|Any CPU.ActiveCfg = Debug|Any CPU
		{E022F65B-2E2B-4907-BED5-8ED04FEF5769}.Debug|Any CPU.Build.0 = Debug|Any CPU
		{E022F65B-2E2B-4907-BED5-8ED04FEF5769}.LocalNuget|Any CPU.ActiveCfg = Release|Any CPU
		{E022F65B-2E2B-4907-BED5-8ED04FEF5769}.LocalNuget|Any CPU.Build.0 = Release|Any CPU
		{E022F65B-2E2B-4907-BED5-8ED04FEF5769}.Release|Any CPU.ActiveCfg = Release|Any CPU
		{E022F65B-2E2B-4907-BED5-8ED04FEF5769}.Release|Any CPU.Build.0 = Release|Any CPU
	EndGlobalSection
	GlobalSection(SolutionProperties) = preSolution
		HideSolutionNode = FALSE
	EndGlobalSection
	GlobalSection(NestedProjects) = preSolution
		{BFEBBBB1-94EE-437F-977D-22E2E9510951} = {B4F0DB7E-8440-484A-AD3A-2C755A6AB749}
		{913C6B2B-AFFE-4819-9B22-B1E840E86738} = {B4F0DB7E-8440-484A-AD3A-2C755A6AB749}
		{33C4E42F-B410-4570-BBC9-DA4C695B1F4D} = {56965403-1D14-4364-8B4A-ADE3CE4CAE44}
		{E8C237CB-FFB2-4163-A985-01ECC0B8F399} = {AF470AF1-A3ED-41B9-A35F-1D65AFBED5F5}
		{E022F65B-2E2B-4907-BED5-8ED04FEF5769} = {71DACF89-9D0F-4D45-9202-7AAC5FA83EBE}
	EndGlobalSection
	GlobalSection(ExtensibilityGlobals) = postSolution
		SolutionGuid = {3C4F140B-7118-4292-9392-253BE1444510}
	EndGlobalSection
EndGlobal
